
Microsoft Visual Studio Solution File, Format Version 12.00
# Visual Studio 14
VisualStudioVersion = 14.0.24720.0
MinimumVisualStudioVersion = 10.0.40219.1
Project("{8BC9CEB8-8B4A-11D0-8D11-00A0C91BC942}") = "Leaf", "Core\Core.vcxproj", "{80D711B3-06AD-4B93-8086-ECB560F69717}"
	ProjectSection(ProjectDependencies) = postProject
		{470BA565-0D7D-4EE5-8B36-8D78B64C3A63} = {470BA565-0D7D-4EE5-8B36-8D78B64C3A63}
	EndProjectSection
EndProject
Project("{8BC9CEB8-8B4A-11D0-8D11-00A0C91BC942}") = "Utils", "Utils\Utils.vcxproj", "{470BA565-0D7D-4EE5-8B36-8D78B64C3A63}"
EndProject
Global
	GlobalSection(SolutionConfigurationPlatforms) = preSolution
		Debug|x64 = Debug|x64
		Debug|x86 = Debug|x86
		Release|x64 = Release|x64
		Release|x86 = Release|x86
	EndGlobalSection
	GlobalSection(ProjectConfigurationPlatforms) = postSolution
		{80D711B3-06AD-4B93-8086-ECB560F69717}.Debug|x64.ActiveCfg = Debug|x64
		{80D711B3-06AD-4B93-8086-ECB560F69717}.Debug|x64.Build.0 = Debug|x64
		{80D711B3-06AD-4B93-8086-ECB560F69717}.Debug|x86.ActiveCfg = Debug|Win32
		{80D711B3-06AD-4B93-8086-ECB560F69717}.Debug|x86.Build.0 = Debug|Win32
		{80D711B3-06AD-4B93-8086-ECB560F69717}.Release|x64.ActiveCfg = Release|x64
		{80D711B3-06AD-4B93-8086-ECB560F69717}.Release|x64.Build.0 = Release|x64
		{80D711B3-06AD-4B93-8086-ECB560F69717}.Release|x86.ActiveCfg = Release|Win32
		{80D711B3-06AD-4B93-8086-ECB560F69717}.Release|x86.Build.0 = Release|Win32
		{470BA565-0D7D-4EE5-8B36-8D78B64C3A63}.Debug|x64.ActiveCfg = Debug|x64
		{470BA565-0D7D-4EE5-8B36-8D78B64C3A63}.Debug|x64.Build.0 = Debug|x64
		{470BA565-0D7D-4EE5-8B36-8D78B64C3A63}.Debug|x86.ActiveCfg = Debug|Win32
		{470BA565-0D7D-4EE5-8B36-8D78B64C3A63}.Debug|x86.Build.0 = Debug|Win32
		{470BA565-0D7D-4EE5-8B36-8D78B64C3A63}.Release|x64.ActiveCfg = Release|x64
		{470BA565-0D7D-4EE5-8B36-8D78B64C3A63}.Release|x64.Build.0 = Release|x64
		{470BA565-0D7D-4EE5-8B36-8D78B64C3A63}.Release|x86.ActiveCfg = Release|Win32
		{470BA565-0D7D-4EE5-8B36-8D78B64C3A63}.Release|x86.Build.0 = Release|Win32
	EndGlobalSection
	GlobalSection(SolutionProperties) = preSolution
		HideSolutionNode = FALSE
	EndGlobalSection
EndGlobal
